
Microsoft Visual Studio Solution File, Format Version 12.00
# Visual Studio Version 16
VisualStudioVersion = 16.0.32002.261
MinimumVisualStudioVersion = 10.0.40219.1
Project("{FAE04EC0-301F-11D3-BF4B-00C04F79EFBC}") = "ReservaVuelo", "ReservaVuelo\ReservaVuelo.csproj", "{A2391F6A-F930-4A74-8AA1-EAFEC9306DC0}"
EndProject
Global
	GlobalSection(SolutionConfigurationPlatforms) = preSolution
		Debug|Any CPU = Debug|Any CPU
		Release|Any CPU = Release|Any CPU
	EndGlobalSection
	GlobalSection(ProjectConfigurationPlatforms) = postSolution
		{A2391F6A-F930-4A74-8AA1-EAFEC9306DC0}.Debug|Any CPU.ActiveCfg = Debug|Any CPU
		{A2391F6A-F930-4A74-8AA1-EAFEC9306DC0}.Debug|Any CPU.Build.0 = Debug|Any CPU
		{A2391F6A-F930-4A74-8AA1-EAFEC9306DC0}.Release|Any CPU.ActiveCfg = Release|Any CPU
		{A2391F6A-F930-4A74-8AA1-EAFEC9306DC0}.Release|Any CPU.Build.0 = Release|Any CPU
	EndGlobalSection
	GlobalSection(SolutionProperties) = preSolution
		HideSolutionNode = FALSE
	EndGlobalSection
	GlobalSection(ExtensibilityGlobals) = postSolution
		SolutionGuid = {A9D1A831-09D2-4F7F-8CB4-5935E49B81D3}
	EndGlobalSection
EndGlobal
